
Microsoft Visual Studio Solution File, Format Version 12.00
# Visual Studio Version 16
VisualStudioVersion = 16.0.29728.190
MinimumVisualStudioVersion = 10.0.40219.1
Project("{FAE04EC0-301F-11D3-BF4B-00C04F79EFBC}") = "WebAPiB", "WebAPiB\WebAPiB.csproj", "{BF2F675D-4BE3-4513-A8AC-D5AC5391C4BF}"
EndProject
Global
	GlobalSection(SolutionConfigurationPlatforms) = preSolution
		Debug|Any CPU = Debug|Any CPU
		Release|Any CPU = Release|Any CPU
	EndGlobalSection
	GlobalSection(ProjectConfigurationPlatforms) = postSolution
		{BF2F675D-4BE3-4513-A8AC-D5AC5391C4BF}.Debug|Any CPU.ActiveCfg = Debug|Any CPU
		{BF2F675D-4BE3-4513-A8AC-D5AC5391C4BF}.Debug|Any CPU.Build.0 = Debug|Any CPU
		{BF2F675D-4BE3-4513-A8AC-D5AC5391C4BF}.Release|Any CPU.ActiveCfg = Release|Any CPU
		{BF2F675D-4BE3-4513-A8AC-D5AC5391C4BF}.Release|Any CPU.Build.0 = Release|Any CPU
	EndGlobalSection
	GlobalSection(SolutionProperties) = preSolution
		HideSolutionNode = FALSE
	EndGlobalSection
	GlobalSection(ExtensibilityGlobals) = postSolution
		SolutionGuid = {AD6FAAFB-5ECD-43D1-8BB8-FC3C839F665F}
	EndGlobalSection
EndGlobal
